// !$*UTF8*$!
{
	archiveVersion = 1;
	classes = {
	};
	objectVersion = 46;
	objects = {

/* Begin PBXBuildFile section */
		2B26ABB21F20F1500020A64E /* AppDelegate.swift in Sources */ = {isa = PBXBuildFile; fileRef = 2B26ABB11F20F1500020A64E /* AppDelegate.swift */; };
		2B26ABB41F20F1500020A64E /* HomeViewController.swift in Sources */ = {isa = PBXBuildFile; fileRef = 2B26ABB31F20F1500020A64E /* HomeViewController.swift */; };
		2B26ABB71F20F1500020A64E /* Main.storyboard in Resources */ = {isa = PBXBuildFile; fileRef = 2B26ABB51F20F1500020A64E /* Main.storyboard */; };
		2B26ABB91F20F1500020A64E /* Assets.xcassets in Resources */ = {isa = PBXBuildFile; fileRef = 2B26ABB81F20F1500020A64E /* Assets.xcassets */; };
		2B26ABBC1F20F1500020A64E /* LaunchScreen.storyboard in Resources */ = {isa = PBXBuildFile; fileRef = 2B26ABBA1F20F1500020A64E /* LaunchScreen.storyboard */; };
		2B5482FF1F3373BF0047A6C5 /* Hindi365.plist in Resources */ = {isa = PBXBuildFile; fileRef = 2B5482FE1F3373BF0047A6C5 /* Hindi365.plist */; };
		2B5483021F33A2750047A6C5 /* Info.storyboard in Resources */ = {isa = PBXBuildFile; fileRef = 2B5483001F33A2750047A6C5 /* Info.storyboard */; };
		2B590B8F1F2BA804009D1245 /* Card.swift in Sources */ = {isa = PBXBuildFile; fileRef = 2B590B8E1F2BA804009D1245 /* Card.swift */; };
		2B6C84821F2A53F3007209CE /* HelpViewController.swift in Sources */ = {isa = PBXBuildFile; fileRef = 2B6C84811F2A53F1007209CE /* HelpViewController.swift */; };
		2B6C84841F2A6473007209CE /* StarViewController.swift in Sources */ = {isa = PBXBuildFile; fileRef = 2B6C84831F2A6473007209CE /* StarViewController.swift */; };
		2B6C84861F2A651B007209CE /* StarCardViewController.swift in Sources */ = {isa = PBXBuildFile; fileRef = 2B6C84851F2A651B007209CE /* StarCardViewController.swift */; };
		6CAB09371F70A9AAD2748C70 /* Pods_Hindi365.framework in Frameworks */ = {isa = PBXBuildFile; fileRef = FE5262B80CDFC6692FE0FA5B /* Pods_Hindi365.framework */; };
/* End PBXBuildFile section */

/* Begin PBXFileReference section */
		2B26ABAE1F20F1500020A64E /* Hindi365.app */ = {isa = PBXFileReference; explicitFileType = wrapper.application; includeInIndex = 0; path = Hindi365.app; sourceTree = BUILT_PRODUCTS_DIR; };
		2B26ABB11F20F1500020A64E /* AppDelegate.swift */ = {isa = PBXFileReference; lastKnownFileType = sourcecode.swift; path = AppDelegate.swift; sourceTree = "<group>"; };
		2B26ABB31F20F1500020A64E /* HomeViewController.swift */ = {isa = PBXFileReference; lastKnownFileType = sourcecode.swift; path = HomeViewController.swift; sourceTree = "<group>"; };
		2B26ABB61F20F1500020A64E /* Base */ = {isa = PBXFileReference; lastKnownFileType = file.storyboard; name = Base; path = Base.lproj/Main.storyboard; sourceTree = "<group>"; };
		2B26ABB81F20F1500020A64E /* Assets.xcassets */ = {isa = PBXFileReference; lastKnownFileType = folder.assetcatalog; path = Assets.xcassets; sourceTree = "<group>"; };
		2B26ABBB1F20F1500020A64E /* Base */ = {isa = PBXFileReference; lastKnownFileType = file.storyboard; name = Base; path = Base.lproj/LaunchScreen.storyboard; sourceTree = "<group>"; };
		2B26ABBD1F20F1500020A64E /* Info.plist */ = {isa = PBXFileReference; lastKnownFileType = text.plist.xml; path = Info.plist; sourceTree = "<group>"; };
		2B5482FE1F3373BF0047A6C5 /* Hindi365.plist */ = {isa = PBXFileReference; fileEncoding = 4; lastKnownFileType = text.plist.xml; path = Hindi365.plist; sourceTree = "<group>"; };
		2B5483011F33A2750047A6C5 /* Base */ = {isa = PBXFileReference; lastKnownFileType = file.storyboard; name = Base; path = Base.lproj/Info.storyboard; sourceTree = "<group>"; };
		2B590B8E1F2BA804009D1245 /* Card.swift */ = {isa = PBXFileReference; fileEncoding = 4; lastKnownFileType = sourcecode.swift; path = Card.swift; sourceTree = "<group>"; };
		2B6C84811F2A53F1007209CE /* HelpViewController.swift */ = {isa = PBXFileReference; fileEncoding = 4; lastKnownFileType = sourcecode.swift; path = HelpViewController.swift; sourceTree = "<group>"; };
		2B6C84831F2A6473007209CE /* StarViewController.swift */ = {isa = PBXFileReference; fileEncoding = 4; lastKnownFileType = sourcecode.swift; path = StarViewController.swift; sourceTree = "<group>"; };
		2B6C84851F2A651B007209CE /* StarCardViewController.swift */ = {isa = PBXFileReference; fileEncoding = 4; lastKnownFileType = sourcecode.swift; path = StarCardViewController.swift; sourceTree = "<group>"; };
		D4F7C9AC46DD2A8A71EDA454 /* Pods-Hindi365.debug.xcconfig */ = {isa = PBXFileReference; includeInIndex = 1; lastKnownFileType = text.xcconfig; name = "Pods-Hindi365.debug.xcconfig"; path = "Pods/Target Support Files/Pods-Hindi365/Pods-Hindi365.debug.xcconfig"; sourceTree = "<group>"; };
		F5156CCB0583CEB7EB127523 /* Pods-Hindi365.release.xcconfig */ = {isa = PBXFileReference; includeInIndex = 1; lastKnownFileType = text.xcconfig; name = "Pods-Hindi365.release.xcconfig"; path = "Pods/Target Support Files/Pods-Hindi365/Pods-Hindi365.release.xcconfig"; sourceTree = "<group>"; };
		FE5262B80CDFC6692FE0FA5B /* Pods_Hindi365.framework */ = {isa = PBXFileReference; explicitFileType = wrapper.framework; includeInIndex = 0; path = Pods_Hindi365.framework; sourceTree = BUILT_PRODUCTS_DIR; };
/* End PBXFileReference section */

/* Begin PBXFrameworksBuildPhase section */
		2B26ABAB1F20F1500020A64E /* Frameworks */ = {
			isa = PBXFrameworksBuildPhase;
			buildActionMask = 2147483647;
			files = (
				6CAB09371F70A9AAD2748C70 /* Pods_Hindi365.framework in Frameworks */,
			);
			runOnlyForDeploymentPostprocessing = 0;
		};
/* End PBXFrameworksBuildPhase section */

/* Begin PBXGroup section */
		2B26ABA51F20F1500020A64E = {
			isa = PBXGroup;
			children = (
				2B26ABB01F20F1500020A64E /* Hindi365 */,
				2B26ABAF1F20F1500020A64E /* Products */,
				B2C99B9D6FFBAD63B3706E91 /* Pods */,
				4BF8653F95C5A58C9CAC3C2C /* Frameworks */,
			);
			sourceTree = "<group>";
		};
		2B26ABAF1F20F1500020A64E /* Products */ = {
			isa = PBXGroup;
			children = (
				2B26ABAE1F20F1500020A64E /* Hindi365.app */,
			);
			name = Products;
			sourceTree = "<group>";
		};
		2B26ABB01F20F1500020A64E /* Hindi365 */ = {
			isa = PBXGroup;
			children = (
				2B26ABB11F20F1500020A64E /* AppDelegate.swift */,
				2B5483041F33A2F00047A6C5 /* ViewControllers */,
				2B5483031F33A2D00047A6C5 /* Storyboard */,
				2B590B8E1F2BA804009D1245 /* Card.swift */,
				2B26ABB81F20F1500020A64E /* Assets.xcassets */,
				2B26ABBA1F20F1500020A64E /* LaunchScreen.storyboard */,
				2B5482FE1F3373BF0047A6C5 /* Hindi365.plist */,
				2B26ABBD1F20F1500020A64E /* Info.plist */,
			);
			path = Hindi365;
			sourceTree = "<group>";
		};
		2B5483031F33A2D00047A6C5 /* Storyboard */ = {
			isa = PBXGroup;
			children = (
				2B26ABB51F20F1500020A64E /* Main.storyboard */,
				2B5483001F33A2750047A6C5 /* Info.storyboard */,
			);
			name = Storyboard;
			sourceTree = "<group>";
		};
		2B5483041F33A2F00047A6C5 /* ViewControllers */ = {
			isa = PBXGroup;
			children = (
				2B26ABB31F20F1500020A64E /* HomeViewController.swift */,
				2B6C84851F2A651B007209CE /* StarCardViewController.swift */,
				2B6C84831F2A6473007209CE /* StarViewController.swift */,
				2B6C84811F2A53F1007209CE /* HelpViewController.swift */,
			);
			name = ViewControllers;
			sourceTree = "<group>";
		};
		4BF8653F95C5A58C9CAC3C2C /* Frameworks */ = {
			isa = PBXGroup;
			children = (
				FE5262B80CDFC6692FE0FA5B /* Pods_Hindi365.framework */,
			);
			name = Frameworks;
			sourceTree = "<group>";
		};
		B2C99B9D6FFBAD63B3706E91 /* Pods */ = {
			isa = PBXGroup;
			children = (
				D4F7C9AC46DD2A8A71EDA454 /* Pods-Hindi365.debug.xcconfig */,
				F5156CCB0583CEB7EB127523 /* Pods-Hindi365.release.xcconfig */,
			);
			name = Pods;
			sourceTree = "<group>";
		};
/* End PBXGroup section */

/* Begin PBXNativeTarget section */
		2B26ABAD1F20F1500020A64E /* Hindi365 */ = {
			isa = PBXNativeTarget;
			buildConfigurationList = 2B26ABC01F20F1500020A64E /* Build configuration list for PBXNativeTarget "Hindi365" */;
			buildPhases = (
				24DB5036E7F9EA0D7EA92062 /* [CP] Check Pods Manifest.lock */,
				2B26ABAA1F20F1500020A64E /* Sources */,
				2B26ABAB1F20F1500020A64E /* Frameworks */,
				2B26ABAC1F20F1500020A64E /* Resources */,
				34DC7233005F5A36B5C38198 /* [CP] Embed Pods Frameworks */,
				0E6BD6BCE95A9E771795B0D6 /* [CP] Copy Pods Resources */,
			);
			buildRules = (
			);
			dependencies = (
			);
			name = Hindi365;
			productName = Hindi365;
			productReference = 2B26ABAE1F20F1500020A64E /* Hindi365.app */;
			productType = "com.apple.product-type.application";
		};
/* End PBXNativeTarget section */

/* Begin PBXProject section */
		2B26ABA61F20F1500020A64E /* Project object */ = {
			isa = PBXProject;
			attributes = {
				LastSwiftUpdateCheck = 0830;
				LastUpgradeCheck = 0830;
				ORGANIZATIONNAME = "Tanya Ravi";
				TargetAttributes = {
					2B26ABAD1F20F1500020A64E = {
						CreatedOnToolsVersion = 8.3.3;
						DevelopmentTeam = 64Z3KRAPD7;
						ProvisioningStyle = Automatic;
					};
				};
			};
			buildConfigurationList = 2B26ABA91F20F1500020A64E /* Build configuration list for PBXProject "Hindi365" */;
			compatibilityVersion = "Xcode 3.2";
			developmentRegion = English;
			hasScannedForEncodings = 0;
			knownRegions = (
				en,
				Base,
			);
			mainGroup = 2B26ABA51F20F1500020A64E;
			productRefGroup = 2B26ABAF1F20F1500020A64E /* Products */;
			projectDirPath = "";
			projectRoot = "";
			targets = (
				2B26ABAD1F20F1500020A64E /* Hindi365 */,
			);
		};
/* End PBXProject section */

/* Begin PBXResourcesBuildPhase section */
		2B26ABAC1F20F1500020A64E /* Resources */ = {
			isa = PBXResourcesBuildPhase;
			buildActionMask = 2147483647;
			files = (
				2B26ABBC1F20F1500020A64E /* LaunchScreen.storyboard in Resources */,
				2B26ABB91F20F1500020A64E /* Assets.xcassets in Resources */,
				2B5482FF1F3373BF0047A6C5 /* Hindi365.plist in Resources */,
				2B5483021F33A2750047A6C5 /* Info.storyboard in Resources */,
				2B26ABB71F20F1500020A64E /* Main.storyboard in Resources */,
			);
			runOnlyForDeploymentPostprocessing = 0;
		};
/* End PBXResourcesBuildPhase section */

/* Begin PBXShellScriptBuildPhase section */
		0E6BD6BCE95A9E771795B0D6 /* [CP] Copy Pods Resources */ = {
			isa = PBXShellScriptBuildPhase;
			buildActionMask = 2147483647;
			files = (
			);
			inputPaths = (
			);
			name = "[CP] Copy Pods Resources";
			outputPaths = (
			);
			runOnlyForDeploymentPostprocessing = 0;
			shellPath = /bin/sh;
			shellScript = "\"${SRCROOT}/Pods/Target Support Files/Pods-Hindi365/Pods-Hindi365-resources.sh\"\n";
			showEnvVarsInLog = 0;
		};
		24DB5036E7F9EA0D7EA92062 /* [CP] Check Pods Manifest.lock */ = {
			isa = PBXShellScriptBuildPhase;
			buildActionMask = 2147483647;
			files = (
			);
			inputPaths = (
			);
			name = "[CP] Check Pods Manifest.lock";
			outputPaths = (
			);
			runOnlyForDeploymentPostprocessing = 0;
			shellPath = /bin/sh;
			shellScript = "diff \"${PODS_PODFILE_DIR_PATH}/Podfile.lock\" \"${PODS_ROOT}/Manifest.lock\" > /dev/null\nif [ $? != 0 ] ; then\n    # print error to STDERR\n    echo \"error: The sandbox is not in sync with the Podfile.lock. Run 'pod install' or update your CocoaPods installation.\" >&2\n    exit 1\nfi\n";
			showEnvVarsInLog = 0;
		};
		34DC7233005F5A36B5C38198 /* [CP] Embed Pods Frameworks */ = {
			isa = PBXShellScriptBuildPhase;
			buildActionMask = 2147483647;
			files = (
			);
			inputPaths = (
			);
			name = "[CP] Embed Pods Frameworks";
			outputPaths = (
			);
			runOnlyForDeploymentPostprocessing = 0;
			shellPath = /bin/sh;
			shellScript = "\"${SRCROOT}/Pods/Target Support Files/Pods-Hindi365/Pods-Hindi365-frameworks.sh\"\n";
			showEnvVarsInLog = 0;
		};
/* End PBXShellScriptBuildPhase section */

/* Begin PBXSourcesBuildPhase section */
		2B26ABAA1F20F1500020A64E /* Sources */ = {
			isa = PBXSourcesBuildPhase;
			buildActionMask = 2147483647;
			files = (
				2B6C84841F2A6473007209CE /* StarViewController.swift in Sources */,
				2B590B8F1F2BA804009D1245 /* Card.swift in Sources */,
				2B26ABB41F20F1500020A64E /* HomeViewController.swift in Sources */,
				2B6C84821F2A53F3007209CE /* HelpViewController.swift in Sources */,
				2B26ABB21F20F1500020A64E /* AppDelegate.swift in Sources */,
				2B6C84861F2A651B007209CE /* StarCardViewController.swift in Sources */,
			);
			runOnlyForDeploymentPostprocessing = 0;
		};
/* End PBXSourcesBuildPhase section */

/* Begin PBXVariantGroup section */
		2B26ABB51F20F1500020A64E /* Main.storyboard */ = {
			isa = PBXVariantGroup;
			children = (
				2B26ABB61F20F1500020A64E /* Base */,
			);
			name = Main.storyboard;
			sourceTree = "<group>";
		};
		2B26ABBA1F20F1500020A64E /* LaunchScreen.storyboard */ = {
			isa = PBXVariantGroup;
			children = (
				2B26ABBB1F20F1500020A64E /* Base */,
			);
			name = LaunchScreen.storyboard;
			sourceTree = "<group>";
		};
		2B5483001F33A2750047A6C5 /* Info.storyboard */ = {
			isa = PBXVariantGroup;
			children = (
				2B5483011F33A2750047A6C5 /* Base */,
			);
			name = Info.storyboard;
			sourceTree = "<group>";
		};
/* End PBXVariantGroup section */

/* Begin XCBuildConfiguration section */
		2B26ABBE1F20F1500020A64E /* Debug */ = {
			isa = XCBuildConfiguration;
			buildSettings = {
				ALWAYS_SEARCH_USER_PATHS = NO;
				CLANG_ANALYZER_NONNULL = YES;
				CLANG_ANALYZER_NUMBER_OBJECT_CONVERSION = YES_AGGRESSIVE;
				CLANG_CXX_LANGUAGE_STANDARD = "gnu++0x";
				CLANG_CXX_LIBRARY = "libc++";
				CLANG_ENABLE_MODULES = YES;
				CLANG_ENABLE_OBJC_ARC = YES;
				CLANG_WARN_BOOL_CONVERSION = YES;
				CLANG_WARN_CONSTANT_CONVERSION = YES;
				CLANG_WARN_DIRECT_OBJC_ISA_USAGE = YES_ERROR;
				CLANG_WARN_DOCUMENTATION_COMMENTS = YES;
				CLANG_WARN_EMPTY_BODY = YES;
				CLANG_WARN_ENUM_CONVERSION = YES;
				CLANG_WARN_INFINITE_RECURSION = YES;
				CLANG_WARN_INT_CONVERSION = YES;
				CLANG_WARN_OBJC_ROOT_CLASS = YES_ERROR;
				CLANG_WARN_SUSPICIOUS_MOVE = YES;
				CLANG_WARN_UNREACHABLE_CODE = YES;
				CLANG_WARN__DUPLICATE_METHOD_MATCH = YES;
				"CODE_SIGN_IDENTITY[sdk=iphoneos*]" = "iPhone Developer";
				COPY_PHASE_STRIP = NO;
				DEBUG_INFORMATION_FORMAT = dwarf;
				ENABLE_STRICT_OBJC_MSGSEND = YES;
				ENABLE_TESTABILITY = YES;
				GCC_C_LANGUAGE_STANDARD = gnu99;
				GCC_DYNAMIC_NO_PIC = NO;
				GCC_NO_COMMON_BLOCKS = YES;
				GCC_OPTIMIZATION_LEVEL = 0;
				GCC_PREPROCESSOR_DEFINITIONS = (
					"DEBUG=1",
					"$(inherited)",
				);
				GCC_WARN_64_TO_32_BIT_CONVERSION = YES;
				GCC_WARN_ABOUT_RETURN_TYPE = YES_ERROR;
				GCC_WARN_UNDECLARED_SELECTOR = YES;
				GCC_WARN_UNINITIALIZED_AUTOS = YES_AGGRESSIVE;
				GCC_WARN_UNUSED_FUNCTION = YES;
				GCC_WARN_UNUSED_VARIABLE = YES;
				IPHONEOS_DEPLOYMENT_TARGET = 10.3;
				MTL_ENABLE_DEBUG_INFO = YES;
				ONLY_ACTIVE_ARCH = YES;
				SDKROOT = iphoneos;
				SWIFT_ACTIVE_COMPILATION_CONDITIONS = DEBUG;
				SWIFT_OPTIMIZATION_LEVEL = "-Onone";
			};
			name = Debug;
		};
		2B26ABBF1F20F1500020A64E /* Release */ = {
			isa = XCBuildConfiguration;
			buildSettings = {
				ALWAYS_SEARCH_USER_PATHS = NO;
				CLANG_ANALYZER_NONNULL = YES;
				CLANG_ANALYZER_NUMBER_OBJECT_CONVERSION = YES_AGGRESSIVE;
				CLANG_CXX_LANGUAGE_STANDARD = "gnu++0x";
				CLANG_CXX_LIBRARY = "libc++";
				CLANG_ENABLE_MODULES = YES;
				CLANG_ENABLE_OBJC_ARC = YES;
				CLANG_WARN_BOOL_CONVERSION = YES;
				CLANG_WARN_CONSTANT_CONVERSION = YES;
				CLANG_WARN_DIRECT_OBJC_ISA_USAGE = YES_ERROR;
				CLANG_WARN_DOCUMENTATION_COMMENTS = YES;
				CLANG_WARN_EMPTY_BODY = YES;
				CLANG_WARN_ENUM_CONVERSION = YES;
				CLANG_WARN_INFINITE_RECURSION = YES;
				CLANG_WARN_INT_CONVERSION = YES;
				CLANG_WARN_OBJC_ROOT_CLASS = YES_ERROR;
				CLANG_WARN_SUSPICIOUS_MOVE = YES;
				CLANG_WARN_UNREACHABLE_CODE = YES;
				CLANG_WARN__DUPLICATE_METHOD_MATCH = YES;
				"CODE_SIGN_IDENTITY[sdk=iphoneos*]" = "iPhone Developer";
				COPY_PHASE_STRIP = NO;
				DEBUG_INFORMATION_FORMAT = "dwarf-with-dsym";
				ENABLE_NS_ASSERTIONS = NO;
				ENABLE_STRICT_OBJC_MSGSEND = YES;
				GCC_C_LANGUAGE_STANDARD = gnu99;
				GCC_NO_COMMON_BLOCKS = YES;
				GCC_WARN_64_TO_32_BIT_CONVERSION = YES;
				GCC_WARN_ABOUT_RETURN_TYPE = YES_ERROR;
				GCC_WARN_UNDECLARED_SELECTOR = YES;
				GCC_WARN_UNINITIALIZED_AUTOS = YES_AGGRESSIVE;
				GCC_WARN_UNUSED_FUNCTION = YES;
				GCC_WARN_UNUSED_VARIABLE = YES;
				IPHONEOS_DEPLOYMENT_TARGET = 10.3;
				MTL_ENABLE_DEBUG_INFO = NO;
				SDKROOT = iphoneos;
				SWIFT_OPTIMIZATION_LEVEL = "-Owholemodule";
				VALIDATE_PRODUCT = YES;
			};
			name = Release;
		};
		2B26ABC11F20F1500020A64E /* Debug */ = {
			isa = XCBuildConfiguration;
			baseConfigurationReference = D4F7C9AC46DD2A8A71EDA454 /* Pods-Hindi365.debug.xcconfig */;
			buildSettings = {
				ASSETCATALOG_COMPILER_APPICON_NAME = AppIcon;
				DEVELOPMENT_TEAM = 64Z3KRAPD7;
				INFOPLIST_FILE = Hindi365/Info.plist;
				LD_RUNPATH_SEARCH_PATHS = "$(inherited) @executable_path/Frameworks";
				PRODUCT_BUNDLE_IDENTIFIER = com.tanyaravi.Hindi365;
				PRODUCT_NAME = "$(TARGET_NAME)";
				SWIFT_VERSION = 3.0;
			};
			name = Debug;
		};
		2B26ABC21F20F1500020A64E /* Release */ = {
			isa = XCBuildConfiguration;
			baseConfigurationReference = F5156CCB0583CEB7EB127523 /* Pods-Hindi365.release.xcconfig */;
			buildSettings = {
				ASSETCATALOG_COMPILER_APPICON_NAME = AppIcon;
				DEVELOPMENT_TEAM = 64Z3KRAPD7;
				INFOPLIST_FILE = Hindi365/Info.plist;
				LD_RUNPATH_SEARCH_PATHS = "$(inherited) @executable_path/Frameworks";
				PRODUCT_BUNDLE_IDENTIFIER = com.tanyaravi.Hindi365;
				PRODUCT_NAME = "$(TARGET_NAME)";
				SWIFT_VERSION = 3.0;
			};
			name = Release;
		};
/* End XCBuildConfiguration section */

/* Begin XCConfigurationList section */
		2B26ABA91F20F1500020A64E /* Build configuration list for PBXProject "Hindi365" */ = {
			isa = XCConfigurationList;
			buildConfigurations = (
				2B26ABBE1F20F1500020A64E /* Debug */,
				2B26ABBF1F20F1500020A64E /* Release */,
			);
			defaultConfigurationIsVisible = 0;
			defaultConfigurationName = Release;
		};
		2B26ABC01F20F1500020A64E /* Build configuration list for PBXNativeTarget "Hindi365" */ = {
			isa = XCConfigurationList;
			buildConfigurations = (
				2B26ABC11F20F1500020A64E /* Debug */,
				2B26ABC21F20F1500020A64E /* Release */,
			);
			defaultConfigurationIsVisible = 0;
			defaultConfigurationName = Release;
		};
/* End XCConfigurationList section */
	};
	rootObject = 2B26ABA61F20F1500020A64E /* Project object */;
}
